// !$*UTF8*$!
{
	archiveVersion = 1;
	classes = {
	};
	objectVersion = 77;
	objects = {

/* Begin PBXBuildFile section */
		1E087BC12FAB5FCB00FE250A /* SQLiteData in Frameworks */ = {isa = PBXBuildFile; productRef = 1E087BC02FAB5FCB00FE250A /* SQLiteData */; };
		1E087BC32FAB5FCB00FE250A /* SQLiteDataTestSupport in Frameworks */ = {isa = PBXBuildFile; productRef = 1E087BC22FAB5FCB00FE250A /* SQLiteDataTestSupport */; };
		1E087BC62FAB5FE200FE250A /* ComposableArchitecture in Frameworks */ = {isa = PBXBuildFile; productRef = 1E087BC52FAB5FE200FE250A /* ComposableArchitecture */; };
/* End PBXBuildFile section */

/* Begin PBXContainerItemProxy section */
		1E087B9E2FAB5D1200FE250A /* PBXContainerItemProxy */ = {
			isa = PBXContainerItemProxy;
			containerPortal = 1E087B882FAB5D1000FE250A /* Project object */;
			proxyType = 1;
			remoteGlobalIDString = 1E087B8F2FAB5D1000FE250A;
			remoteInfo = Motif;
		};
		1E087BA82FAB5D1200FE250A /* PBXContainerItemProxy */ = {
			isa = PBXContainerItemProxy;
			containerPortal = 1E087B882FAB5D1000FE250A /* Project object */;
			proxyType = 1;
			remoteGlobalIDString = 1E087B8F2FAB5D1000FE250A;
			remoteInfo = Motif;
		};
/* End PBXContainerItemProxy section */

/* Begin PBXFileReference section */
		1E087B902FAB5D1000FE250A /* Motif.app */ = {isa = PBXFileReference; explicitFileType = wrapper.application; includeInIndex = 0; path = Motif.app; sourceTree = BUILT_PRODUCTS_DIR; };
		1E087B9D2FAB5D1200FE250A /* MotifTests.xctest */ = {isa = PBXFileReference; explicitFileType = wrapper.cfbundle; includeInIndex = 0; path = MotifTests.xctest; sourceTree = BUILT_PRODUCTS_DIR; };
		1E087BA72FAB5D1200FE250A /* MotifUITests.xctest */ = {isa = PBXFileReference; explicitFileType = wrapper.cfbundle; includeInIndex = 0; path = MotifUITests.xctest; sourceTree = BUILT_PRODUCTS_DIR; };
		1E93FFBF2FB5ED1400ED778D /* ProjectEditSheetReducer.swift */ = {isa = PBXFileReference; lastKnownFileType = sourcecode.swift; path = ProjectEditSheetReducer.swift; sourceTree = "<group>"; };
		1E93FFC02FB5ED1400ED778D /* ProjectEditSheetView.swift */ = {isa = PBXFileReference; lastKnownFileType = sourcecode.swift; path = ProjectEditSheetView.swift; sourceTree = "<group>"; };
		1E93FFC42FB5ED1400ED778D /* ProjectDetailReducer.swift */ = {isa = PBXFileReference; lastKnownFileType = sourcecode.swift; path = ProjectDetailReducer.swift; sourceTree = "<group>"; };
		1E93FFC52FB5ED1400ED778D /* ProjectDetailView.swift */ = {isa = PBXFileReference; lastKnownFileType = sourcecode.swift; path = ProjectDetailView.swift; sourceTree = "<group>"; };
		1E93FFC72FB5ED1400ED778D /* ProjectWithGenre.swift */ = {isa = PBXFileReference; lastKnownFileType = sourcecode.swift; path = ProjectWithGenre.swift; sourceTree = "<group>"; };
		1E93FFC92FB5ED1400ED778D /* ProjectListReducer.swift */ = {isa = PBXFileReference; lastKnownFileType = sourcecode.swift; path = ProjectListReducer.swift; sourceTree = "<group>"; };
		1E93FFCA2FB5ED1400ED778D /* ProjectListTabView.swift */ = {isa = PBXFileReference; lastKnownFileType = sourcecode.swift; path = ProjectListTabView.swift; sourceTree = "<group>"; };
		1E93FFCE2FB5ED1400ED778D /* AppDatabase.swift */ = {isa = PBXFileReference; lastKnownFileType = sourcecode.swift; path = AppDatabase.swift; sourceTree = "<group>"; };
		1E93FFCF2FB5ED1400ED778D /* DatabaseClient.swift */ = {isa = PBXFileReference; lastKnownFileType = sourcecode.swift; path = DatabaseClient.swift; sourceTree = "<group>"; };
		1E93FFD02FB5ED1400ED778D /* Genre.swift */ = {isa = PBXFileReference; lastKnownFileType = sourcecode.swift; path = Genre.swift; sourceTree = "<group>"; };
		1E93FFD12FB5ED1400ED778D /* Project.swift */ = {isa = PBXFileReference; lastKnownFileType = sourcecode.swift; path = Project.swift; sourceTree = "<group>"; };
		1E93FFD22FB5ED1400ED778D /* UpdatedProject.swift */ = {isa = PBXFileReference; lastKnownFileType = sourcecode.swift; path = UpdatedProject.swift; sourceTree = "<group>"; };
/* End PBXFileReference section */

/* Begin PBXFileSystemSynchronizedRootGroup section */
		1E087B922FAB5D1000FE250A /* Motif */ = {
			isa = PBXFileSystemSynchronizedRootGroup;
			path = Motif;
			sourceTree = "<group>";
		};
		1E087BA02FAB5D1200FE250A /* MotifTests */ = {
			isa = PBXFileSystemSynchronizedRootGroup;
			path = MotifTests;
			sourceTree = "<group>";
		};
		1E087BAA2FAB5D1200FE250A /* MotifUITests */ = {
			isa = PBXFileSystemSynchronizedRootGroup;
			path = MotifUITests;
			sourceTree = "<group>";
		};
		1E88A2432FB5EA1400E2B9A2 /* Deleted */ = {
			isa = PBXFileSystemSynchronizedRootGroup;
			path = Deleted;
			sourceTree = "<group>";
		};
/* End PBXFileSystemSynchronizedRootGroup section */

/* Begin PBXFrameworksBuildPhase section */
		1E087B8D2FAB5D1000FE250A /* Frameworks */ = {
			isa = PBXFrameworksBuildPhase;
			buildActionMask = 2147483647;
			files = (
				1E087BC62FAB5FE200FE250A /* ComposableArchitecture in Frameworks */,
				1E087BC12FAB5FCB00FE250A /* SQLiteData in Frameworks */,
			);
			runOnlyForDeploymentPostprocessing = 0;
		};
		1E087B9A2FAB5D1200FE250A /* Frameworks */ = {
			isa = PBXFrameworksBuildPhase;
			buildActionMask = 2147483647;
			files = (
				1E087BC32FAB5FCB00FE250A /* SQLiteDataTestSupport in Frameworks */,
			);
			runOnlyForDeploymentPostprocessing = 0;
		};
		1E087BA42FAB5D1200FE250A /* Frameworks */ = {
			isa = PBXFrameworksBuildPhase;
			buildActionMask = 2147483647;
			files = (
			);
			runOnlyForDeploymentPostprocessing = 0;
		};
/* End PBXFrameworksBuildPhase section */

/* Begin PBXGroup section */
		1E087B872FAB5D1000FE250A = {
			isa = PBXGroup;
			children = (
				1E93FFD42FB5ED1400ED778D /* Deprecated */,
				1E087B922FAB5D1000FE250A /* Motif */,
				1E087BA02FAB5D1200FE250A /* MotifTests */,
				1E087BAA2FAB5D1200FE250A /* MotifUITests */,
				1E087B912FAB5D1000FE250A /* Products */,
			);
			sourceTree = "<group>";
		};
		1E087B912FAB5D1000FE250A /* Products */ = {
			isa = PBXGroup;
			children = (
				1E087B902FAB5D1000FE250A /* Motif.app */,
				1E087B9D2FAB5D1200FE250A /* MotifTests.xctest */,
				1E087BA72FAB5D1200FE250A /* MotifUITests.xctest */,
				1E88A2432FB5EA1400E2B9A2 /* Deleted */,
			);
			name = Products;
			sourceTree = "<group>";
		};
		1E93FFC12FB5ED1400ED778D /* ProjectEditSheet */ = {
			isa = PBXGroup;
			children = (
				1E93FFBF2FB5ED1400ED778D /* ProjectEditSheetReducer.swift */,
				1E93FFC02FB5ED1400ED778D /* ProjectEditSheetView.swift */,
			);
			path = ProjectEditSheet;
			sourceTree = "<group>";
		};
		1E93FFC22FB5ED1400ED778D /* Sheet */ = {
			isa = PBXGroup;
			children = (
				1E93FFC12FB5ED1400ED778D /* ProjectEditSheet */,
			);
			path = Sheet;
			sourceTree = "<group>";
		};
		1E93FFC32FB5ED1400ED778D /* Components */ = {
			isa = PBXGroup;
			children = (
				1E93FFC22FB5ED1400ED778D /* Sheet */,
			);
			path = Components;
			sourceTree = "<group>";
		};
		1E93FFC62FB5ED1400ED778D /* ProjectDetail */ = {
			isa = PBXGroup;
			children = (
				1E93FFC42FB5ED1400ED778D /* ProjectDetailReducer.swift */,
				1E93FFC52FB5ED1400ED778D /* ProjectDetailView.swift */,
			);
			path = ProjectDetail;
			sourceTree = "<group>";
		};
		1E93FFC82FB5ED1400ED778D /* Types */ = {
			isa = PBXGroup;
			children = (
				1E93FFC72FB5ED1400ED778D /* ProjectWithGenre.swift */,
			);
			path = Types;
			sourceTree = "<group>";
		};
		1E93FFCB2FB5ED1400ED778D /* ProjectList */ = {
			isa = PBXGroup;
			children = (
				1E93FFC82FB5ED1400ED778D /* Types */,
				1E93FFC92FB5ED1400ED778D /* ProjectListReducer.swift */,
				1E93FFCA2FB5ED1400ED778D /* ProjectListTabView.swift */,
			);
			path = ProjectList;
			sourceTree = "<group>";
		};
		1E93FFCC2FB5ED1400ED778D /* ProjectFeature */ = {
			isa = PBXGroup;
			children = (
				1E93FFC32FB5ED1400ED778D /* Components */,
				1E93FFC62FB5ED1400ED778D /* ProjectDetail */,
				1E93FFCB2FB5ED1400ED778D /* ProjectList */,
			);
			path = ProjectFeature;
			sourceTree = "<group>";
		};
		1E93FFCD2FB5ED1400ED778D /* Feature */ = {
			isa = PBXGroup;
			children = (
				1E93FFCC2FB5ED1400ED778D /* ProjectFeature */,
			);
			path = Feature;
			sourceTree = "<group>";
		};
		1E93FFD32FB5ED1400ED778D /* Networks */ = {
			isa = PBXGroup;
			children = (
				1E93FFCE2FB5ED1400ED778D /* AppDatabase.swift */,
				1E93FFCF2FB5ED1400ED778D /* DatabaseClient.swift */,
				1E93FFD02FB5ED1400ED778D /* Genre.swift */,
				1E93FFD12FB5ED1400ED778D /* Project.swift */,
				1E93FFD22FB5ED1400ED778D /* UpdatedProject.swift */,
			);
			path = Networks;
			sourceTree = "<group>";
		};
		1E93FFD42FB5ED1400ED778D /* Deprecated */ = {
			isa = PBXGroup;
			children = (
				1E93FFCD2FB5ED1400ED778D /* Feature */,
				1E93FFD32FB5ED1400ED778D /* Networks */,
			);
			path = Deprecated;
			sourceTree = "<group>";
		};
/* End PBXGroup section */

/* Begin PBXNativeTarget section */
		1E087B8F2FAB5D1000FE250A /* Motif */ = {
			isa = PBXNativeTarget;
			buildConfigurationList = 1E087BB12FAB5D1200FE250A /* Build configuration list for PBXNativeTarget "Motif" */;
			buildPhases = (
				1E087B8C2FAB5D1000FE250A /* Sources */,
				1E087B8D2FAB5D1000FE250A /* Frameworks */,
				1E087B8E2FAB5D1000FE250A /* Resources */,
			);
			buildRules = (
			);
			dependencies = (
			);
			fileSystemSynchronizedGroups = (
				1E087B922FAB5D1000FE250A /* Motif */,
				1E88A2432FB5EA1400E2B9A2 /* Deleted */,
			);
			name = Motif;
			packageProductDependencies = (
				1E087BC02FAB5FCB00FE250A /* SQLiteData */,
				1E087BC52FAB5FE200FE250A /* ComposableArchitecture */,
			);
			productName = Motif;
			productReference = 1E087B902FAB5D1000FE250A /* Motif.app */;
			productType = "com.apple.product-type.application";
		};
		1E087B9C2FAB5D1200FE250A /* MotifTests */ = {
			isa = PBXNativeTarget;
			buildConfigurationList = 1E087BB42FAB5D1200FE250A /* Build configuration list for PBXNativeTarget "MotifTests" */;
			buildPhases = (
				1E087B992FAB5D1200FE250A /* Sources */,
				1E087B9A2FAB5D1200FE250A /* Frameworks */,
				1E087B9B2FAB5D1200FE250A /* Resources */,
			);
			buildRules = (
			);
			dependencies = (
				1E087B9F2FAB5D1200FE250A /* PBXTargetDependency */,
			);
			fileSystemSynchronizedGroups = (
				1E087BA02FAB5D1200FE250A /* MotifTests */,
			);
			name = MotifTests;
			packageProductDependencies = (
				1E087BC22FAB5FCB00FE250A /* SQLiteDataTestSupport */,
			);
			productName = MotifTests;
			productReference = 1E087B9D2FAB5D1200FE250A /* MotifTests.xctest */;
			productType = "com.apple.product-type.bundle.unit-test";
		};
		1E087BA62FAB5D1200FE250A /* MotifUITests */ = {
			isa = PBXNativeTarget;
			buildConfigurationList = 1E087BB72FAB5D1200FE250A /* Build configuration list for PBXNativeTarget "MotifUITests" */;
			buildPhases = (
				1E087BA32FAB5D1200FE250A /* Sources */,
				1E087BA42FAB5D1200FE250A /* Frameworks */,
				1E087BA52FAB5D1200FE250A /* Resources */,
			);
			buildRules = (
			);
			dependencies = (
				1E087BA92FAB5D1200FE250A /* PBXTargetDependency */,
			);
			fileSystemSynchronizedGroups = (
				1E087BAA2FAB5D1200FE250A /* MotifUITests */,
			);
			name = MotifUITests;
			packageProductDependencies = (
			);
			productName = MotifUITests;
			productReference = 1E087BA72FAB5D1200FE250A /* MotifUITests.xctest */;
			productType = "com.apple.product-type.bundle.ui-testing";
		};
/* End PBXNativeTarget section */

/* Begin PBXProject section */
		1E087B882FAB5D1000FE250A /* Project object */ = {
			isa = PBXProject;
			attributes = {
				BuildIndependentTargetsInParallel = 1;
				LastSwiftUpdateCheck = 2640;
				LastUpgradeCheck = 2640;
				TargetAttributes = {
					1E087B8F2FAB5D1000FE250A = {
						CreatedOnToolsVersion = 26.4;
					};
					1E087B9C2FAB5D1200FE250A = {
						CreatedOnToolsVersion = 26.4;
						TestTargetID = 1E087B8F2FAB5D1000FE250A;
					};
					1E087BA62FAB5D1200FE250A = {
						CreatedOnToolsVersion = 26.4;
						TestTargetID = 1E087B8F2FAB5D1000FE250A;
					};
				};
			};
			buildConfigurationList = 1E087B8B2FAB5D1000FE250A /* Build configuration list for PBXProject "Motif" */;
			developmentRegion = ja;
			hasScannedForEncodings = 0;
			knownRegions = (
				Base,
				ja,
			);
			mainGroup = 1E087B872FAB5D1000FE250A;
			minimizedProjectReferenceProxies = 1;
			packageReferences = (
				1E087BBF2FAB5FCB00FE250A /* XCRemoteSwiftPackageReference "sqlite-data" */,
				1E087BC42FAB5FE200FE250A /* XCRemoteSwiftPackageReference "swift-composable-architecture" */,
			);
			preferredProjectObjectVersion = 77;
			productRefGroup = 1E087B912FAB5D1000FE250A /* Products */;
			projectDirPath = "";
			projectRoot = "";
			targets = (
				1E087B8F2FAB5D1000FE250A /* Motif */,
				1E087B9C2FAB5D1200FE250A /* MotifTests */,
				1E087BA62FAB5D1200FE250A /* MotifUITests */,
			);
		};
/* End PBXProject section */

/* Begin PBXResourcesBuildPhase section */
		1E087B8E2FAB5D1000FE250A /* Resources */ = {
			isa = PBXResourcesBuildPhase;
			buildActionMask = 2147483647;
			files = (
			);
			runOnlyForDeploymentPostprocessing = 0;
		};
		1E087B9B2FAB5D1200FE250A /* Resources */ = {
			isa = PBXResourcesBuildPhase;
			buildActionMask = 2147483647;
			files = (
			);
			runOnlyForDeploymentPostprocessing = 0;
		};
		1E087BA52FAB5D1200FE250A /* Resources */ = {
			isa = PBXResourcesBuildPhase;
			buildActionMask = 2147483647;
			files = (
			);
			runOnlyForDeploymentPostprocessing = 0;
		};
/* End PBXResourcesBuildPhase section */

/* Begin PBXSourcesBuildPhase section */
		1E087B8C2FAB5D1000FE250A /* Sources */ = {
			isa = PBXSourcesBuildPhase;
			buildActionMask = 2147483647;
			files = (
			);
			runOnlyForDeploymentPostprocessing = 0;
		};
		1E087B992FAB5D1200FE250A /* Sources */ = {
			isa = PBXSourcesBuildPhase;
			buildActionMask = 2147483647;
			files = (
			);
			runOnlyForDeploymentPostprocessing = 0;
		};
		1E087BA32FAB5D1200FE250A /* Sources */ = {
			isa = PBXSourcesBuildPhase;
			buildActionMask = 2147483647;
			files = (
			);
			runOnlyForDeploymentPostprocessing = 0;
		};
/* End PBXSourcesBuildPhase section */

/* Begin PBXTargetDependency section */
		1E087B9F2FAB5D1200FE250A /* PBXTargetDependency */ = {
			isa = PBXTargetDependency;
			target = 1E087B8F2FAB5D1000FE250A /* Motif */;
			targetProxy = 1E087B9E2FAB5D1200FE250A /* PBXContainerItemProxy */;
		};
		1E087BA92FAB5D1200FE250A /* PBXTargetDependency */ = {
			isa = PBXTargetDependency;
			target = 1E087B8F2FAB5D1000FE250A /* Motif */;
			targetProxy = 1E087BA82FAB5D1200FE250A /* PBXContainerItemProxy */;
		};
/* End PBXTargetDependency section */

/* Begin XCBuildConfiguration section */
		1E087BAF2FAB5D1200FE250A /* Debug */ = {
			isa = XCBuildConfiguration;
			buildSettings = {
				ALWAYS_SEARCH_USER_PATHS = NO;
				ASSETCATALOG_COMPILER_GENERATE_SWIFT_ASSET_SYMBOL_EXTENSIONS = YES;
				CLANG_ANALYZER_NONNULL = YES;
				CLANG_ANALYZER_NUMBER_OBJECT_CONVERSION = YES_AGGRESSIVE;
				CLANG_CXX_LANGUAGE_STANDARD = "gnu++20";
				CLANG_ENABLE_MODULES = YES;
				CLANG_ENABLE_OBJC_ARC = YES;
				CLANG_ENABLE_OBJC_WEAK = YES;
				CLANG_WARN_BLOCK_CAPTURE_AUTORELEASING = YES;
				CLANG_WARN_BOOL_CONVERSION = YES;
				CLANG_WARN_COMMA = YES;
				CLANG_WARN_CONSTANT_CONVERSION = YES;
				CLANG_WARN_DEPRECATED_OBJC_IMPLEMENTATIONS = YES;
				CLANG_WARN_DIRECT_OBJC_ISA_USAGE = YES_ERROR;
				CLANG_WARN_DOCUMENTATION_COMMENTS = YES;
				CLANG_WARN_EMPTY_BODY = YES;
				CLANG_WARN_ENUM_CONVERSION = YES;
				CLANG_WARN_INFINITE_RECURSION = YES;
				CLANG_WARN_INT_CONVERSION = YES;
				CLANG_WARN_NON_LITERAL_NULL_CONVERSION = YES;
				CLANG_WARN_OBJC_IMPLICIT_RETAIN_SELF = YES;
				CLANG_WARN_OBJC_LITERAL_CONVERSION = YES;
				CLANG_WARN_OBJC_ROOT_CLASS = YES_ERROR;
				CLANG_WARN_QUOTED_INCLUDE_IN_FRAMEWORK_HEADER = YES;
				CLANG_WARN_RANGE_LOOP_ANALYSIS = YES;
				CLANG_WARN_STRICT_PROTOTYPES = YES;
				CLANG_WARN_SUSPICIOUS_MOVE = YES;
				CLANG_WARN_UNGUARDED_AVAILABILITY = YES_AGGRESSIVE;
				CLANG_WARN_UNREACHABLE_CODE = YES;
				CLANG_WARN__DUPLICATE_METHOD_MATCH = YES;
				COPY_PHASE_STRIP = NO;
				DEBUG_INFORMATION_FORMAT = dwarf;
				DEVELOPMENT_TEAM = QL9QJ536JT;
				ENABLE_STRICT_OBJC_MSGSEND = YES;
				ENABLE_TESTABILITY = YES;
				ENABLE_USER_SCRIPT_SANDBOXING = YES;
				GCC_C_LANGUAGE_STANDARD = gnu17;
				GCC_DYNAMIC_NO_PIC = NO;
				GCC_NO_COMMON_BLOCKS = YES;
				GCC_OPTIMIZATION_LEVEL = 0;
				GCC_PREPROCESSOR_DEFINITIONS = (
					"DEBUG=1",
					"$(inherited)",
				);
				GCC_WARN_64_TO_32_BIT_CONVERSION = YES;
				GCC_WARN_ABOUT_RETURN_TYPE = YES_ERROR;
				GCC_WARN_UNDECLARED_SELECTOR = YES;
				GCC_WARN_UNINITIALIZED_AUTOS = YES_AGGRESSIVE;
				GCC_WARN_UNUSED_FUNCTION = YES;
				GCC_WARN_UNUSED_VARIABLE = YES;
				IPHONEOS_DEPLOYMENT_TARGET = 26.4;
				LOCALIZATION_PREFERS_STRING_CATALOGS = YES;
				MTL_ENABLE_DEBUG_INFO = INCLUDE_SOURCE;
				MTL_FAST_MATH = YES;
				ONLY_ACTIVE_ARCH = YES;
				SDKROOT = iphoneos;
				SWIFT_ACTIVE_COMPILATION_CONDITIONS = "DEBUG $(inherited)";
				SWIFT_OPTIMIZATION_LEVEL = "-Onone";
			};
			name = Debug;
		};
		1E087BB02FAB5D1200FE250A /* Release */ = {
			isa = XCBuildConfiguration;
			buildSettings = {
				ALWAYS_SEARCH_USER_PATHS = NO;
				ASSETCATALOG_COMPILER_GENERATE_SWIFT_ASSET_SYMBOL_EXTENSIONS = YES;
				CLANG_ANALYZER_NONNULL = YES;
				CLANG_ANALYZER_NUMBER_OBJECT_CONVERSION = YES_AGGRESSIVE;
				CLANG_CXX_LANGUAGE_STANDARD = "gnu++20";
				CLANG_ENABLE_MODULES = YES;
				CLANG_ENABLE_OBJC_ARC = YES;
				CLANG_ENABLE_OBJC_WEAK = YES;
				CLANG_WARN_BLOCK_CAPTURE_AUTORELEASING = YES;
				CLANG_WARN_BOOL_CONVERSION = YES;
				CLANG_WARN_COMMA = YES;
				CLANG_WARN_CONSTANT_CONVERSION = YES;
				CLANG_WARN_DEPRECATED_OBJC_IMPLEMENTATIONS = YES;
				CLANG_WARN_DIRECT_OBJC_ISA_USAGE = YES_ERROR;
				CLANG_WARN_DOCUMENTATION_COMMENTS = YES;
				CLANG_WARN_EMPTY_BODY = YES;
				CLANG_WARN_ENUM_CONVERSION = YES;
				CLANG_WARN_INFINITE_RECURSION = YES;
				CLANG_WARN_INT_CONVERSION = YES;
				CLANG_WARN_NON_LITERAL_NULL_CONVERSION = YES;
				CLANG_WARN_OBJC_IMPLICIT_RETAIN_SELF = YES;
				CLANG_WARN_OBJC_LITERAL_CONVERSION = YES;
				CLANG_WARN_OBJC_ROOT_CLASS = YES_ERROR;
				CLANG_WARN_QUOTED_INCLUDE_IN_FRAMEWORK_HEADER = YES;
				CLANG_WARN_RANGE_LOOP_ANALYSIS = YES;
				CLANG_WARN_STRICT_PROTOTYPES = YES;
				CLANG_WARN_SUSPICIOUS_MOVE = YES;
				CLANG_WARN_UNGUARDED_AVAILABILITY = YES_AGGRESSIVE;
				CLANG_WARN_UNREACHABLE_CODE = YES;
				CLANG_WARN__DUPLICATE_METHOD_MATCH = YES;
				COPY_PHASE_STRIP = NO;
				DEBUG_INFORMATION_FORMAT = "dwarf-with-dsym";
				DEVELOPMENT_TEAM = QL9QJ536JT;
				ENABLE_NS_ASSERTIONS = NO;
				ENABLE_STRICT_OBJC_MSGSEND = YES;
				ENABLE_USER_SCRIPT_SANDBOXING = YES;
				GCC_C_LANGUAGE_STANDARD = gnu17;
				GCC_NO_COMMON_BLOCKS = YES;
				GCC_WARN_64_TO_32_BIT_CONVERSION = YES;
				GCC_WARN_ABOUT_RETURN_TYPE = YES_ERROR;
				GCC_WARN_UNDECLARED_SELECTOR = YES;
				GCC_WARN_UNINITIALIZED_AUTOS = YES_AGGRESSIVE;
				GCC_WARN_UNUSED_FUNCTION = YES;
				GCC_WARN_UNUSED_VARIABLE = YES;
				IPHONEOS_DEPLOYMENT_TARGET = 26.4;
				LOCALIZATION_PREFERS_STRING_CATALOGS = YES;
				MTL_ENABLE_DEBUG_INFO = NO;
				MTL_FAST_MATH = YES;
				SDKROOT = iphoneos;
				SWIFT_COMPILATION_MODE = wholemodule;
				VALIDATE_PRODUCT = YES;
			};
			name = Release;
		};
		1E087BB22FAB5D1200FE250A /* Debug */ = {
			isa = XCBuildConfiguration;
			buildSettings = {
				ASSETCATALOG_COMPILER_APPICON_NAME = AppIcon;
				ASSETCATALOG_COMPILER_GLOBAL_ACCENT_COLOR_NAME = AccentColor;
				CODE_SIGN_STYLE = Automatic;
				CURRENT_PROJECT_VERSION = 1;
				DEVELOPMENT_TEAM = QL9QJ536JT;
				ENABLE_PREVIEWS = YES;
				GENERATE_INFOPLIST_FILE = YES;
				INFOPLIST_KEY_UIApplicationSceneManifest_Generation = YES;
				INFOPLIST_KEY_UIApplicationSupportsIndirectInputEvents = YES;
				INFOPLIST_KEY_UILaunchScreen_Generation = YES;
				INFOPLIST_KEY_UISupportedInterfaceOrientations = UIInterfaceOrientationPortrait;
				INFOPLIST_KEY_UISupportedInterfaceOrientations_iPad = "UIInterfaceOrientationLandscapeLeft UIInterfaceOrientationLandscapeRight UIInterfaceOrientationPortrait UIInterfaceOrientationPortraitUpsideDown";
				IPHONEOS_DEPLOYMENT_TARGET = 26.0;
				LD_RUNPATH_SEARCH_PATHS = (
					"$(inherited)",
					"@executable_path/Frameworks",
				);
				MARKETING_VERSION = 1.0;
				PRODUCT_BUNDLE_IDENTIFIER = com.kouki.Motif;
				PRODUCT_NAME = "$(TARGET_NAME)";
				STRING_CATALOG_GENERATE_SYMBOLS = YES;
				SUPPORTED_PLATFORMS = "iphoneos iphonesimulator";
				SUPPORTS_MACCATALYST = NO;
				SUPPORTS_MAC_DESIGNED_FOR_IPHONE_IPAD = NO;
				SUPPORTS_XR_DESIGNED_FOR_IPHONE_IPAD = NO;
				SWIFT_APPROACHABLE_CONCURRENCY = YES;
				SWIFT_DEFAULT_ACTOR_ISOLATION = MainActor;
				SWIFT_EMIT_LOC_STRINGS = YES;
				SWIFT_UPCOMING_FEATURE_MEMBER_IMPORT_VISIBILITY = YES;
				SWIFT_VERSION = 5.0;
				TARGETED_DEVICE_FAMILY = 1;
			};
			name = Debug;
		};
		1E087BB32FAB5D1200FE250A /* Release */ = {
			isa = XCBuildConfiguration;
			buildSettings = {
				ASSETCATALOG_COMPILER_APPICON_NAME = AppIcon;
				ASSETCATALOG_COMPILER_GLOBAL_ACCENT_COLOR_NAME = AccentColor;
				CODE_SIGN_STYLE = Automatic;
				CURRENT_PROJECT_VERSION = 1;
				DEVELOPMENT_TEAM = QL9QJ536JT;
				ENABLE_PREVIEWS = YES;
				GENERATE_INFOPLIST_FILE = YES;
				INFOPLIST_KEY_UIApplicationSceneManifest_Generation = YES;
				INFOPLIST_KEY_UIApplicationSupportsIndirectInputEvents = YES;
				INFOPLIST_KEY_UILaunchScreen_Generation = YES;
				INFOPLIST_KEY_UISupportedInterfaceOrientations = UIInterfaceOrientationPortrait;
				INFOPLIST_KEY_UISupportedInterfaceOrientations_iPad = "UIInterfaceOrientationLandscapeLeft UIInterfaceOrientationLandscapeRight UIInterfaceOrientationPortrait UIInterfaceOrientationPortraitUpsideDown";
				IPHONEOS_DEPLOYMENT_TARGET = 26.0;
				LD_RUNPATH_SEARCH_PATHS = (
					"$(inherited)",
					"@executable_path/Frameworks",
				);
				MARKETING_VERSION = 1.0;
				PRODUCT_BUNDLE_IDENTIFIER = com.kouki.Motif;
				PRODUCT_NAME = "$(TARGET_NAME)";
				STRING_CATALOG_GENERATE_SYMBOLS = YES;
				SUPPORTED_PLATFORMS = "iphoneos iphonesimulator";
				SUPPORTS_MACCATALYST = NO;
				SUPPORTS_MAC_DESIGNED_FOR_IPHONE_IPAD = NO;
				SUPPORTS_XR_DESIGNED_FOR_IPHONE_IPAD = NO;
				SWIFT_APPROACHABLE_CONCURRENCY = YES;
				SWIFT_DEFAULT_ACTOR_ISOLATION = MainActor;
				SWIFT_EMIT_LOC_STRINGS = YES;
				SWIFT_UPCOMING_FEATURE_MEMBER_IMPORT_VISIBILITY = YES;
				SWIFT_VERSION = 5.0;
				TARGETED_DEVICE_FAMILY = 1;
			};
			name = Release;
		};
		1E087BB52FAB5D1200FE250A /* Debug */ = {
			isa = XCBuildConfiguration;
			buildSettings = {
				BUNDLE_LOADER = "$(TEST_HOST)";
				CODE_SIGN_STYLE = Automatic;
				CURRENT_PROJECT_VERSION = 1;
				DEVELOPMENT_TEAM = QL9QJ536JT;
				GENERATE_INFOPLIST_FILE = YES;
				IPHONEOS_DEPLOYMENT_TARGET = 26.4;
				MARKETING_VERSION = 1.0;
				PRODUCT_BUNDLE_IDENTIFIER = com.kouki.MotifTests;
				PRODUCT_NAME = "$(TARGET_NAME)";
				STRING_CATALOG_GENERATE_SYMBOLS = NO;
				SWIFT_APPROACHABLE_CONCURRENCY = YES;
				SWIFT_EMIT_LOC_STRINGS = NO;
				SWIFT_UPCOMING_FEATURE_MEMBER_IMPORT_VISIBILITY = YES;
				SWIFT_VERSION = 5.0;
				TARGETED_DEVICE_FAMILY = "1,2";
				TEST_HOST = "$(BUILT_PRODUCTS_DIR)/Motif.app/$(BUNDLE_EXECUTABLE_FOLDER_PATH)/Motif";
			};
			name = Debug;
		};
		1E087BB62FAB5D1200FE250A /* Release */ = {
			isa = XCBuildConfiguration;
			buildSettings = {
				BUNDLE_LOADER = "$(TEST_HOST)";
				CODE_SIGN_STYLE = Automatic;
				CURRENT_PROJECT_VERSION = 1;
				DEVELOPMENT_TEAM = QL9QJ536JT;
				GENERATE_INFOPLIST_FILE = YES;
				IPHONEOS_DEPLOYMENT_TARGET = 26.4;
				MARKETING_VERSION = 1.0;
				PRODUCT_BUNDLE_IDENTIFIER = com.kouki.MotifTests;
				PRODUCT_NAME = "$(TARGET_NAME)";
				STRING_CATALOG_GENERATE_SYMBOLS = NO;
				SWIFT_APPROACHABLE_CONCURRENCY = YES;
				SWIFT_EMIT_LOC_STRINGS = NO;
				SWIFT_UPCOMING_FEATURE_MEMBER_IMPORT_VISIBILITY = YES;
				SWIFT_VERSION = 5.0;
				TARGETED_DEVICE_FAMILY = "1,2";
				TEST_HOST = "$(BUILT_PRODUCTS_DIR)/Motif.app/$(BUNDLE_EXECUTABLE_FOLDER_PATH)/Motif";
			};
			name = Release;
		};
		1E087BB82FAB5D1200FE250A /* Debug */ = {
			isa = XCBuildConfiguration;
			buildSettings = {
				CODE_SIGN_STYLE = Automatic;
				CURRENT_PROJECT_VERSION = 1;
				DEVELOPMENT_TEAM = QL9QJ536JT;
				GENERATE_INFOPLIST_FILE = YES;
				MARKETING_VERSION = 1.0;
				PRODUCT_BUNDLE_IDENTIFIER = com.kouki.MotifUITests;
				PRODUCT_NAME = "$(TARGET_NAME)";
				STRING_CATALOG_GENERATE_SYMBOLS = NO;
				SWIFT_APPROACHABLE_CONCURRENCY = YES;
				SWIFT_EMIT_LOC_STRINGS = NO;
				SWIFT_UPCOMING_FEATURE_MEMBER_IMPORT_VISIBILITY = YES;
				SWIFT_VERSION = 5.0;
				TARGETED_DEVICE_FAMILY = "1,2";
				TEST_TARGET_NAME = Motif;
			};
			name = Debug;
		};
		1E087BB92FAB5D1200FE250A /* Release */ = {
			isa = XCBuildConfiguration;
			buildSettings = {
				CODE_SIGN_STYLE = Automatic;
				CURRENT_PROJECT_VERSION = 1;
				DEVELOPMENT_TEAM = QL9QJ536JT;
				GENERATE_INFOPLIST_FILE = YES;
				MARKETING_VERSION = 1.0;
				PRODUCT_BUNDLE_IDENTIFIER = com.kouki.MotifUITests;
				PRODUCT_NAME = "$(TARGET_NAME)";
				STRING_CATALOG_GENERATE_SYMBOLS = NO;
				SWIFT_APPROACHABLE_CONCURRENCY = YES;
				SWIFT_EMIT_LOC_STRINGS = NO;
				SWIFT_UPCOMING_FEATURE_MEMBER_IMPORT_VISIBILITY = YES;
				SWIFT_VERSION = 5.0;
				TARGETED_DEVICE_FAMILY = "1,2";
				TEST_TARGET_NAME = Motif;
			};
			name = Release;
		};
/* End XCBuildConfiguration section */

/* Begin XCConfigurationList section */
		1E087B8B2FAB5D1000FE250A /* Build configuration list for PBXProject "Motif" */ = {
			isa = XCConfigurationList;
			buildConfigurations = (
				1E087BAF2FAB5D1200FE250A /* Debug */,
				1E087BB02FAB5D1200FE250A /* Release */,
			);
			defaultConfigurationIsVisible = 0;
			defaultConfigurationName = Release;
		};
		1E087BB12FAB5D1200FE250A /* Build configuration list for PBXNativeTarget "Motif" */ = {
			isa = XCConfigurationList;
			buildConfigurations = (
				1E087BB22FAB5D1200FE250A /* Debug */,
				1E087BB32FAB5D1200FE250A /* Release */,
			);
			defaultConfigurationIsVisible = 0;
			defaultConfigurationName = Release;
		};
		1E087BB42FAB5D1200FE250A /* Build configuration list for PBXNativeTarget "MotifTests" */ = {
			isa = XCConfigurationList;
			buildConfigurations = (
				1E087BB52FAB5D1200FE250A /* Debug */,
				1E087BB62FAB5D1200FE250A /* Release */,
			);
			defaultConfigurationIsVisible = 0;
			defaultConfigurationName = Release;
		};
		1E087BB72FAB5D1200FE250A /* Build configuration list for PBXNativeTarget "MotifUITests" */ = {
			isa = XCConfigurationList;
			buildConfigurations = (
				1E087BB82FAB5D1200FE250A /* Debug */,
				1E087BB92FAB5D1200FE250A /* Release */,
			);
			defaultConfigurationIsVisible = 0;
			defaultConfigurationName = Release;
		};
/* End XCConfigurationList section */

/* Begin XCRemoteSwiftPackageReference section */
		1E087BBF2FAB5FCB00FE250A /* XCRemoteSwiftPackageReference "sqlite-data" */ = {
			isa = XCRemoteSwiftPackageReference;
			repositoryURL = "https://github.com/pointfreeco/sqlite-data.git";
			requirement = {
				kind = upToNextMajorVersion;
				minimumVersion = 1.6.1;
			};
			traits = (
			);
		};
		1E087BC42FAB5FE200FE250A /* XCRemoteSwiftPackageReference "swift-composable-architecture" */ = {
			isa = XCRemoteSwiftPackageReference;
			repositoryURL = "https://github.com/pointfreeco/swift-composable-architecture";
			requirement = {
				kind = upToNextMajorVersion;
				minimumVersion = 1.25.5;
			};
			traits = (
			);
		};
/* End XCRemoteSwiftPackageReference section */

/* Begin XCSwiftPackageProductDependency section */
		1E087BC02FAB5FCB00FE250A /* SQLiteData */ = {
			isa = XCSwiftPackageProductDependency;
			package = 1E087BBF2FAB5FCB00FE250A /* XCRemoteSwiftPackageReference "sqlite-data" */;
			productName = SQLiteData;
		};
		1E087BC22FAB5FCB00FE250A /* SQLiteDataTestSupport */ = {
			isa = XCSwiftPackageProductDependency;
			package = 1E087BBF2FAB5FCB00FE250A /* XCRemoteSwiftPackageReference "sqlite-data" */;
			productName = SQLiteDataTestSupport;
		};
		1E087BC52FAB5FE200FE250A /* ComposableArchitecture */ = {
			isa = XCSwiftPackageProductDependency;
			package = 1E087BC42FAB5FE200FE250A /* XCRemoteSwiftPackageReference "swift-composable-architecture" */;
			productName = ComposableArchitecture;
		};
/* End XCSwiftPackageProductDependency section */
	};
	rootObject = 1E087B882FAB5D1000FE250A /* Project object */;
}
